
Microsoft Visual Studio Solution File, Format Version 12.00
# Visual Studio Version 17
VisualStudioVersion = 17.8.34511.84
MinimumVisualStudioVersion = 10.0.40219.1
Project("{FAE04EC0-301F-11D3-BF4B-00C04F79EFBC}") = "Batch3_RealTimeProject", "Batch3_RealTimeProject\Batch3_RealTimeProject.csproj", "{896D93C0-34D6-4312-AF5B-B51A8ADC34DC}"
EndProject
Global
	GlobalSection(SolutionConfigurationPlatforms) = preSolution
		Debug|Any CPU = Debug|Any CPU
		Release|Any CPU = Release|Any CPU
	EndGlobalSection
	GlobalSection(ProjectConfigurationPlatforms) = postSolution
		{896D93C0-34D6-4312-AF5B-B51A8ADC34DC}.Debug|Any CPU.ActiveCfg = Debug|Any CPU
		{896D93C0-34D6-4312-AF5B-B51A8ADC34DC}.Debug|Any CPU.Build.0 = Debug|Any CPU
		{896D93C0-34D6-4312-AF5B-B51A8ADC34DC}.Release|Any CPU.ActiveCfg = Release|Any CPU
		{896D93C0-34D6-4312-AF5B-B51A8ADC34DC}.Release|Any CPU.Build.0 = Release|Any CPU
	EndGlobalSection
	GlobalSection(SolutionProperties) = preSolution
		HideSolutionNode = FALSE
	EndGlobalSection
	GlobalSection(ExtensibilityGlobals) = postSolution
		SolutionGuid = {0FB93566-FF56-46F1-9DC2-7DA8418AB1BD}
	EndGlobalSection
EndGlobal
